
Microsoft Visual Studio Solution File, Format Version 12.00
# Visual Studio Version 17
VisualStudioVersion = 17.7.34024.191
MinimumVisualStudioVersion = 10.0.40219.1
Project("{FAE04EC0-301F-11D3-BF4B-00C04F79EFBC}") = "kata_22", "kata_22\kata_22.csproj", "{EC2DD54A-C1E5-420B-B6DC-BEB369E7EE34}"
EndProject
Global
	GlobalSection(SolutionConfigurationPlatforms) = preSolution
		Debug|Any CPU = Debug|Any CPU
		Release|Any CPU = Release|Any CPU
	EndGlobalSection
	GlobalSection(ProjectConfigurationPlatforms) = postSolution
		{EC2DD54A-C1E5-420B-B6DC-BEB369E7EE34}.Debug|Any CPU.ActiveCfg = Debug|Any CPU
		{EC2DD54A-C1E5-420B-B6DC-BEB369E7EE34}.Debug|Any CPU.Build.0 = Debug|Any CPU
		{EC2DD54A-C1E5-420B-B6DC-BEB369E7EE34}.Release|Any CPU.ActiveCfg = Release|Any CPU
		{EC2DD54A-C1E5-420B-B6DC-BEB369E7EE34}.Release|Any CPU.Build.0 = Release|Any CPU
	EndGlobalSection
	GlobalSection(SolutionProperties) = preSolution
		HideSolutionNode = FALSE
	EndGlobalSection
	GlobalSection(ExtensibilityGlobals) = postSolution
		SolutionGuid = {FDD51065-FF8D-4185-874D-81FB0100CF53}
	EndGlobalSection
EndGlobal
